
Microsoft Visual Studio Solution File, Format Version 12.00
# Visual Studio Version 16
VisualStudioVersion = 16.0.30128.74
MinimumVisualStudioVersion = 10.0.40219.1
Project("{FAE04EC0-301F-11D3-BF4B-00C04F79EFBC}") = "NationalDocumentValidator", "NationalDocumentValidator\NationalDocumentValidator.csproj", "{37DA6655-DB65-47AF-92D0-C214F5E1F05F}"
EndProject
Global
	GlobalSection(SolutionConfigurationPlatforms) = preSolution
		Debug|Any CPU = Debug|Any CPU
		Release|Any CPU = Release|Any CPU
	EndGlobalSection
	GlobalSection(ProjectConfigurationPlatforms) = postSolution
		{37DA6655-DB65-47AF-92D0-C214F5E1F05F}.Debug|Any CPU.ActiveCfg = Debug|Any CPU
		{37DA6655-DB65-47AF-92D0-C214F5E1F05F}.Debug|Any CPU.Build.0 = Debug|Any CPU
		{37DA6655-DB65-47AF-92D0-C214F5E1F05F}.Release|Any CPU.ActiveCfg = Release|Any CPU
		{37DA6655-DB65-47AF-92D0-C214F5E1F05F}.Release|Any CPU.Build.0 = Release|Any CPU
	EndGlobalSection
	GlobalSection(SolutionProperties) = preSolution
		HideSolutionNode = FALSE
	EndGlobalSection
	GlobalSection(ExtensibilityGlobals) = postSolution
		SolutionGuid = {6D6AD697-5A37-4A6B-A720-CC5C30A6D710}
	EndGlobalSection
EndGlobal
